// !$*UTF8*$!
{
	archiveVersion = 1;
	classes = {
	};
	objectVersion = 50;
	objects = {

/* Begin PBXBuildFile section */
		2E9926F0237CBBBE003B7542 /* AppDelegate.swift in Sources */ = {isa = PBXBuildFile; fileRef = 2E9926EF237CBBBE003B7542 /* AppDelegate.swift */; };
		2E9926F2237CBBBE003B7542 /* SceneDelegate.swift in Sources */ = {isa = PBXBuildFile; fileRef = 2E9926F1237CBBBE003B7542 /* SceneDelegate.swift */; };
		2E9926F4237CBBBE003B7542 /* ViewController.swift in Sources */ = {isa = PBXBuildFile; fileRef = 2E9926F3237CBBBE003B7542 /* ViewController.swift */; };
		2E9926F7237CBBBE003B7542 /* Main.storyboard in Resources */ = {isa = PBXBuildFile; fileRef = 2E9926F5237CBBBE003B7542 /* Main.storyboard */; };
		2E9926F9237CBBC2003B7542 /* Assets.xcassets in Resources */ = {isa = PBXBuildFile; fileRef = 2E9926F8237CBBC2003B7542 /* Assets.xcassets */; };
		2E9926FC237CBBC2003B7542 /* LaunchScreen.storyboard in Resources */ = {isa = PBXBuildFile; fileRef = 2E9926FA237CBBC2003B7542 /* LaunchScreen.storyboard */; };
		2E992707237CBBC2003B7542 /* ToDoListTests.swift in Sources */ = {isa = PBXBuildFile; fileRef = 2E992706237CBBC2003B7542 /* ToDoListTests.swift */; };
		2E992712237CBBC2003B7542 /* ToDoListUITests.swift in Sources */ = {isa = PBXBuildFile; fileRef = 2E992711237CBBC2003B7542 /* ToDoListUITests.swift */; };
/* End PBXBuildFile section */

/* Begin PBXContainerItemProxy section */
		2E992703237CBBC2003B7542 /* PBXContainerItemProxy */ = {
			isa = PBXContainerItemProxy;
			containerPortal = 2E9926E4237CBBBE003B7542 /* Project object */;
			proxyType = 1;
			remoteGlobalIDString = 2E9926EB237CBBBE003B7542;
			remoteInfo = ToDoList;
		};
		2E99270E237CBBC2003B7542 /* PBXContainerItemProxy */ = {
			isa = PBXContainerItemProxy;
			containerPortal = 2E9926E4237CBBBE003B7542 /* Project object */;
			proxyType = 1;
			remoteGlobalIDString = 2E9926EB237CBBBE003B7542;
			remoteInfo = ToDoList;
		};
/* End PBXContainerItemProxy section */

/* Begin PBXFileReference section */
		2E9926EC237CBBBE003B7542 /* ToDoList.app */ = {isa = PBXFileReference; explicitFileType = wrapper.application; includeInIndex = 0; path = ToDoList.app; sourceTree = BUILT_PRODUCTS_DIR; };
		2E9926EF237CBBBE003B7542 /* AppDelegate.swift */ = {isa = PBXFileReference; lastKnownFileType = sourcecode.swift; path = AppDelegate.swift; sourceTree = "<group>"; };
		2E9926F1237CBBBE003B7542 /* SceneDelegate.swift */ = {isa = PBXFileReference; lastKnownFileType = sourcecode.swift; path = SceneDelegate.swift; sourceTree = "<group>"; };
		2E9926F3237CBBBE003B7542 /* ViewController.swift */ = {isa = PBXFileReference; lastKnownFileType = sourcecode.swift; path = ViewController.swift; sourceTree = "<group>"; };
		2E9926F6237CBBBE003B7542 /* Base */ = {isa = PBXFileReference; lastKnownFileType = file.storyboard; name = Base; path = Base.lproj/Main.storyboard; sourceTree = "<group>"; };
		2E9926F8237CBBC2003B7542 /* Assets.xcassets */ = {isa = PBXFileReference; lastKnownFileType = folder.assetcatalog; path = Assets.xcassets; sourceTree = "<group>"; };
		2E9926FB237CBBC2003B7542 /* Base */ = {isa = PBXFileReference; lastKnownFileType = file.storyboard; name = Base; path = Base.lproj/LaunchScreen.storyboard; sourceTree = "<group>"; };
		2E9926FD237CBBC2003B7542 /* Info.plist */ = {isa = PBXFileReference; lastKnownFileType = text.plist.xml; path = Info.plist; sourceTree = "<group>"; };
		2E992702237CBBC2003B7542 /* ToDoListTests.xctest */ = {isa = PBXFileReference; explicitFileType = wrapper.cfbundle; includeInIndex = 0; path = ToDoListTests.xctest; sourceTree = BUILT_PRODUCTS_DIR; };
		2E992706237CBBC2003B7542 /* ToDoListTests.swift */ = {isa = PBXFileReference; lastKnownFileType = sourcecode.swift; path = ToDoListTests.swift; sourceTree = "<group>"; };
		2E992708237CBBC2003B7542 /* Info.plist */ = {isa = PBXFileReference; lastKnownFileType = text.plist.xml; path = Info.plist; sourceTree = "<group>"; };
		2E99270D237CBBC2003B7542 /* ToDoListUITests.xctest */ = {isa = PBXFileReference; explicitFileType = wrapper.cfbundle; includeInIndex = 0; path = ToDoListUITests.xctest; sourceTree = BUILT_PRODUCTS_DIR; };
		2E992711237CBBC2003B7542 /* ToDoListUITests.swift */ = {isa = PBXFileReference; lastKnownFileType = sourcecode.swift; path = ToDoListUITests.swift; sourceTree = "<group>"; };
		2E992713237CBBC2003B7542 /* Info.plist */ = {isa = PBXFileReference; lastKnownFileType = text.plist.xml; path = Info.plist; sourceTree = "<group>"; };
/* End PBXFileReference section */

/* Begin PBXFrameworksBuildPhase section */
		2E9926E9237CBBBE003B7542 /* Frameworks */ = {
			isa = PBXFrameworksBuildPhase;
			buildActionMask = 2147483647;
			files = (
			);
			runOnlyForDeploymentPostprocessing = 0;
		};
		2E9926FF237CBBC2003B7542 /* Frameworks */ = {
			isa = PBXFrameworksBuildPhase;
			buildActionMask = 2147483647;
			files = (
			);
			runOnlyForDeploymentPostprocessing = 0;
		};
		2E99270A237CBBC2003B7542 /* Frameworks */ = {
			isa = PBXFrameworksBuildPhase;
			buildActionMask = 2147483647;
			files = (
			);
			runOnlyForDeploymentPostprocessing = 0;
		};
/* End PBXFrameworksBuildPhase section */

/* Begin PBXGroup section */
		2E9926E3237CBBBE003B7542 = {
			isa = PBXGroup;
			children = (
				2E9926EE237CBBBE003B7542 /* ToDoList */,
				2E992705237CBBC2003B7542 /* ToDoListTests */,
				2E992710237CBBC2003B7542 /* ToDoListUITests */,
				2E9926ED237CBBBE003B7542 /* Products */,
			);
			sourceTree = "<group>";
		};
		2E9926ED237CBBBE003B7542 /* Products */ = {
			isa = PBXGroup;
			children = (
				2E9926EC237CBBBE003B7542 /* ToDoList.app */,
				2E992702237CBBC2003B7542 /* ToDoListTests.xctest */,
				2E99270D237CBBC2003B7542 /* ToDoListUITests.xctest */,
			);
			name = Products;
			sourceTree = "<group>";
		};
		2E9926EE237CBBBE003B7542 /* ToDoList */ = {
			isa = PBXGroup;
			children = (
				2E9926EF237CBBBE003B7542 /* AppDelegate.swift */,
				2E9926F1237CBBBE003B7542 /* SceneDelegate.swift */,
				2E9926F3237CBBBE003B7542 /* ViewController.swift */,
				2E9926F5237CBBBE003B7542 /* Main.storyboard */,
				2E9926F8237CBBC2003B7542 /* Assets.xcassets */,
				2E9926FA237CBBC2003B7542 /* LaunchScreen.storyboard */,
				2E9926FD237CBBC2003B7542 /* Info.plist */,
			);
			path = ToDoList;
			sourceTree = "<group>";
		};
		2E992705237CBBC2003B7542 /* ToDoListTests */ = {
			isa = PBXGroup;
			children = (
				2E992706237CBBC2003B7542 /* ToDoListTests.swift */,
				2E992708237CBBC2003B7542 /* Info.plist */,
			);
			path = ToDoListTests;
			sourceTree = "<group>";
		};
		2E992710237CBBC2003B7542 /* ToDoListUITests */ = {
			isa = PBXGroup;
			children = (
				2E992711237CBBC2003B7542 /* ToDoListUITests.swift */,
				2E992713237CBBC2003B7542 /* Info.plist */,
			);
			path = ToDoListUITests;
			sourceTree = "<group>";
		};
/* End PBXGroup section */

/* Begin PBXNativeTarget section */
		2E9926EB237CBBBE003B7542 /* ToDoList */ = {
			isa = PBXNativeTarget;
			buildConfigurationList = 2E992716237CBBC2003B7542 /* Build configuration list for PBXNativeTarget "ToDoList" */;
			buildPhases = (
				2E9926E8237CBBBE003B7542 /* Sources */,
				2E9926E9237CBBBE003B7542 /* Frameworks */,
				2E9926EA237CBBBE003B7542 /* Resources */,
			);
			buildRules = (
			);
			dependencies = (
			);
			name = ToDoList;
			productName = ToDoList;
			productReference = 2E9926EC237CBBBE003B7542 /* ToDoList.app */;
			productType = "com.apple.product-type.application";
		};
		2E992701237CBBC2003B7542 /* ToDoListTests */ = {
			isa = PBXNativeTarget;
			buildConfigurationList = 2E992719237CBBC2003B7542 /* Build configuration list for PBXNativeTarget "ToDoListTests" */;
			buildPhases = (
				2E9926FE237CBBC2003B7542 /* Sources */,
				2E9926FF237CBBC2003B7542 /* Frameworks */,
				2E992700237CBBC2003B7542 /* Resources */,
			);
			buildRules = (
			);
			dependencies = (
				2E992704237CBBC2003B7542 /* PBXTargetDependency */,
			);
			name = ToDoListTests;
			productName = ToDoListTests;
			productReference = 2E992702237CBBC2003B7542 /* ToDoListTests.xctest */;
			productType = "com.apple.product-type.bundle.unit-test";
		};
		2E99270C237CBBC2003B7542 /* ToDoListUITests */ = {
			isa = PBXNativeTarget;
			buildConfigurationList = 2E99271C237CBBC2003B7542 /* Build configuration list for PBXNativeTarget "ToDoListUITests" */;
			buildPhases = (
				2E992709237CBBC2003B7542 /* Sources */,
				2E99270A237CBBC2003B7542 /* Frameworks */,
				2E99270B237CBBC2003B7542 /* Resources */,
			);
			buildRules = (
			);
			dependencies = (
				2E99270F237CBBC2003B7542 /* PBXTargetDependency */,
			);
			name = ToDoListUITests;
			productName = ToDoListUITests;
			productReference = 2E99270D237CBBC2003B7542 /* ToDoListUITests.xctest */;
			productType = "com.apple.product-type.bundle.ui-testing";
		};
/* End PBXNativeTarget section */

/* Begin PBXProject section */
		2E9926E4237CBBBE003B7542 /* Project object */ = {
			isa = PBXProject;
			attributes = {
				LastSwiftUpdateCheck = 1120;
				LastUpgradeCheck = 1120;
				ORGANIZATIONNAME = "Marc Batete";
				TargetAttributes = {
					2E9926EB237CBBBE003B7542 = {
						CreatedOnToolsVersion = 11.2;
					};
					2E992701237CBBC2003B7542 = {
						CreatedOnToolsVersion = 11.2;
						TestTargetID = 2E9926EB237CBBBE003B7542;
					};
					2E99270C237CBBC2003B7542 = {
						CreatedOnToolsVersion = 11.2;
						TestTargetID = 2E9926EB237CBBBE003B7542;
					};
				};
			};
			buildConfigurationList = 2E9926E7237CBBBE003B7542 /* Build configuration list for PBXProject "ToDoList" */;
			compatibilityVersion = "Xcode 9.3";
			developmentRegion = en;
			hasScannedForEncodings = 0;
			knownRegions = (
				en,
				Base,
			);
			mainGroup = 2E9926E3237CBBBE003B7542;
			productRefGroup = 2E9926ED237CBBBE003B7542 /* Products */;
			projectDirPath = "";
			projectRoot = "";
			targets = (
				2E9926EB237CBBBE003B7542 /* ToDoList */,
				2E992701237CBBC2003B7542 /* ToDoListTests */,
				2E99270C237CBBC2003B7542 /* ToDoListUITests */,
			);
		};
/* End PBXProject section */

/* Begin PBXResourcesBuildPhase section */
		2E9926EA237CBBBE003B7542 /* Resources */ = {
			isa = PBXResourcesBuildPhase;
			buildActionMask = 2147483647;
			files = (
				2E9926FC237CBBC2003B7542 /* LaunchScreen.storyboard in Resources */,
				2E9926F9237CBBC2003B7542 /* Assets.xcassets in Resources */,
				2E9926F7237CBBBE003B7542 /* Main.storyboard in Resources */,
			);
			runOnlyForDeploymentPostprocessing = 0;
		};
		2E992700237CBBC2003B7542 /* Resources */ = {
			isa = PBXResourcesBuildPhase;
			buildActionMask = 2147483647;
			files = (
			);
			runOnlyForDeploymentPostprocessing = 0;
		};
		2E99270B237CBBC2003B7542 /* Resources */ = {
			isa = PBXResourcesBuildPhase;
			buildActionMask = 2147483647;
			files = (
			);
			runOnlyForDeploymentPostprocessing = 0;
		};
/* End PBXResourcesBuildPhase section */

/* Begin PBXSourcesBuildPhase section */
		2E9926E8237CBBBE003B7542 /* Sources */ = {
			isa = PBXSourcesBuildPhase;
			buildActionMask = 2147483647;
			files = (
				2E9926F4237CBBBE003B7542 /* ViewController.swift in Sources */,
				2E9926F0237CBBBE003B7542 /* AppDelegate.swift in Sources */,
				2E9926F2237CBBBE003B7542 /* SceneDelegate.swift in Sources */,
			);
			runOnlyForDeploymentPostprocessing = 0;
		};
		2E9926FE237CBBC2003B7542 /* Sources */ = {
			isa = PBXSourcesBuildPhase;
			buildActionMask = 2147483647;
			files = (
				2E992707237CBBC2003B7542 /* ToDoListTests.swift in Sources */,
			);
			runOnlyForDeploymentPostprocessing = 0;
		};
		2E992709237CBBC2003B7542 /* Sources */ = {
			isa = PBXSourcesBuildPhase;
			buildActionMask = 2147483647;
			files = (
				2E992712237CBBC2003B7542 /* ToDoListUITests.swift in Sources */,
			);
			runOnlyForDeploymentPostprocessing = 0;
		};
/* End PBXSourcesBuildPhase section */

/* Begin PBXTargetDependency section */
		2E992704237CBBC2003B7542 /* PBXTargetDependency */ = {
			isa = PBXTargetDependency;
			target = 2E9926EB237CBBBE003B7542 /* ToDoList */;
			targetProxy = 2E992703237CBBC2003B7542 /* PBXContainerItemProxy */;
		};
		2E99270F237CBBC2003B7542 /* PBXTargetDependency */ = {
			isa = PBXTargetDependency;
			target = 2E9926EB237CBBBE003B7542 /* ToDoList */;
			targetProxy = 2E99270E237CBBC2003B7542 /* PBXContainerItemProxy */;
		};
/* End PBXTargetDependency section */

/* Begin PBXVariantGroup section */
		2E9926F5237CBBBE003B7542 /* Main.storyboard */ = {
			isa = PBXVariantGroup;
			children = (
				2E9926F6237CBBBE003B7542 /* Base */,
			);
			name = Main.storyboard;
			sourceTree = "<group>";
		};
		2E9926FA237CBBC2003B7542 /* LaunchScreen.storyboard */ = {
			isa = PBXVariantGroup;
			children = (
				2E9926FB237CBBC2003B7542 /* Base */,
			);
			name = LaunchScreen.storyboard;
			sourceTree = "<group>";
		};
/* End PBXVariantGroup section */

/* Begin XCBuildConfiguration section */
		2E992714237CBBC2003B7542 /* Debug */ = {
			isa = XCBuildConfiguration;
			buildSettings = {
				ALWAYS_SEARCH_USER_PATHS = NO;
				CLANG_ANALYZER_NONNULL = YES;
				CLANG_ANALYZER_NUMBER_OBJECT_CONVERSION = YES_AGGRESSIVE;
				CLANG_CXX_LANGUAGE_STANDARD = "gnu++14";
				CLANG_CXX_LIBRARY = "libc++";
				CLANG_ENABLE_MODULES = YES;
				CLANG_ENABLE_OBJC_ARC = YES;
				CLANG_ENABLE_OBJC_WEAK = YES;
				CLANG_WARN_BLOCK_CAPTURE_AUTORELEASING = YES;
				CLANG_WARN_BOOL_CONVERSION = YES;
				CLANG_WARN_COMMA = YES;
				CLANG_WARN_CONSTANT_CONVERSION = YES;
				CLANG_WARN_DEPRECATED_OBJC_IMPLEMENTATIONS = YES;
				CLANG_WARN_DIRECT_OBJC_ISA_USAGE = YES_ERROR;
				CLANG_WARN_DOCUMENTATION_COMMENTS = YES;
				CLANG_WARN_EMPTY_BODY = YES;
				CLANG_WARN_ENUM_CONVERSION = YES;
				CLANG_WARN_INFINITE_RECURSION = YES;
				CLANG_WARN_INT_CONVERSION = YES;
				CLANG_WARN_NON_LITERAL_NULL_CONVERSION = YES;
				CLANG_WARN_OBJC_IMPLICIT_RETAIN_SELF = YES;
				CLANG_WARN_OBJC_LITERAL_CONVERSION = YES;
				CLANG_WARN_OBJC_ROOT_CLASS = YES_ERROR;
				CLANG_WARN_RANGE_LOOP_ANALYSIS = YES;
				CLANG_WARN_STRICT_PROTOTYPES = YES;
				CLANG_WARN_SUSPICIOUS_MOVE = YES;
				CLANG_WARN_UNGUARDED_AVAILABILITY = YES_AGGRESSIVE;
				CLANG_WARN_UNREACHABLE_CODE = YES;
				CLANG_WARN__DUPLICATE_METHOD_MATCH = YES;
				COPY_PHASE_STRIP = NO;
				DEBUG_INFORMATION_FORMAT = dwarf;
				ENABLE_STRICT_OBJC_MSGSEND = YES;
				ENABLE_TESTABILITY = YES;
				GCC_C_LANGUAGE_STANDARD = gnu11;
				GCC_DYNAMIC_NO_PIC = NO;
				GCC_NO_COMMON_BLOCKS = YES;
				GCC_OPTIMIZATION_LEVEL = 0;
				GCC_PREPROCESSOR_DEFINITIONS = (
					"DEBUG=1",
					"$(inherited)",
				);
				GCC_WARN_64_TO_32_BIT_CONVERSION = YES;
				GCC_WARN_ABOUT_RETURN_TYPE = YES_ERROR;
				GCC_WARN_UNDECLARED_SELECTOR = YES;
				GCC_WARN_UNINITIALIZED_AUTOS = YES_AGGRESSIVE;
				GCC_WARN_UNUSED_FUNCTION = YES;
				GCC_WARN_UNUSED_VARIABLE = YES;
				IPHONEOS_DEPLOYMENT_TARGET = 13.2;
				MTL_ENABLE_DEBUG_INFO = INCLUDE_SOURCE;
				MTL_FAST_MATH = YES;
				ONLY_ACTIVE_ARCH = YES;
				SDKROOT = iphoneos;
				SWIFT_ACTIVE_COMPILATION_CONDITIONS = DEBUG;
				SWIFT_OPTIMIZATION_LEVEL = "-Onone";
			};
			name = Debug;
		};
		2E992715237CBBC2003B7542 /* Release */ = {
			isa = XCBuildConfiguration;
			buildSettings = {
				ALWAYS_SEARCH_USER_PATHS = NO;
				CLANG_ANALYZER_NONNULL = YES;
				CLANG_ANALYZER_NUMBER_OBJECT_CONVERSION = YES_AGGRESSIVE;
				CLANG_CXX_LANGUAGE_STANDARD = "gnu++14";
				CLANG_CXX_LIBRARY = "libc++";
				CLANG_ENABLE_MODULES = YES;
				CLANG_ENABLE_OBJC_ARC = YES;
				CLANG_ENABLE_OBJC_WEAK = YES;
				CLANG_WARN_BLOCK_CAPTURE_AUTORELEASING = YES;
				CLANG_WARN_BOOL_CONVERSION = YES;
				CLANG_WARN_COMMA = YES;
				CLANG_WARN_CONSTANT_CONVERSION = YES;
				CLANG_WARN_DEPRECATED_OBJC_IMPLEMENTATIONS = YES;
				CLANG_WARN_DIRECT_OBJC_ISA_USAGE = YES_ERROR;
				CLANG_WARN_DOCUMENTATION_COMMENTS = YES;
				CLANG_WARN_EMPTY_BODY = YES;
				CLANG_WARN_ENUM_CONVERSION = YES;
				CLANG_WARN_INFINITE_RECURSION = YES;
				CLANG_WARN_INT_CONVERSION = YES;
				CLANG_WARN_NON_LITERAL_NULL_CONVERSION = YES;
				CLANG_WARN_OBJC_IMPLICIT_RETAIN_SELF = YES;
				CLANG_WARN_OBJC_LITERAL_CONVERSION = YES;
				CLANG_WARN_OBJC_ROOT_CLASS = YES_ERROR;
				CLANG_WARN_RANGE_LOOP_ANALYSIS = YES;
				CLANG_WARN_STRICT_PROTOTYPES = YES;
				CLANG_WARN_SUSPICIOUS_MOVE = YES;
				CLANG_WARN_UNGUARDED_AVAILABILITY = YES_AGGRESSIVE;
				CLANG_WARN_UNREACHABLE_CODE = YES;
				CLANG_WARN__DUPLICATE_METHOD_MATCH = YES;
				COPY_PHASE_STRIP = NO;
				DEBUG_INFORMATION_FORMAT = "dwarf-with-dsym";
				ENABLE_NS_ASSERTIONS = NO;
				ENABLE_STRICT_OBJC_MSGSEND = YES;
				GCC_C_LANGUAGE_STANDARD = gnu11;
				GCC_NO_COMMON_BLOCKS = YES;
				GCC_WARN_64_TO_32_BIT_CONVERSION = YES;
				GCC_WARN_ABOUT_RETURN_TYPE = YES_ERROR;
				GCC_WARN_UNDECLARED_SELECTOR = YES;
				GCC_WARN_UNINITIALIZED_AUTOS = YES_AGGRESSIVE;
				GCC_WARN_UNUSED_FUNCTION = YES;
				GCC_WARN_UNUSED_VARIABLE = YES;
				IPHONEOS_DEPLOYMENT_TARGET = 13.2;
				MTL_ENABLE_DEBUG_INFO = NO;
				MTL_FAST_MATH = YES;
				SDKROOT = iphoneos;
				SWIFT_COMPILATION_MODE = wholemodule;
				SWIFT_OPTIMIZATION_LEVEL = "-O";
				VALIDATE_PRODUCT = YES;
			};
			name = Release;
		};
		2E992717237CBBC2003B7542 /* Debug */ = {
			isa = XCBuildConfiguration;
			buildSettings = {
				ASSETCATALOG_COMPILER_APPICON_NAME = AppIcon;
				CODE_SIGN_STYLE = Automatic;
				DEVELOPMENT_TEAM = SFMFCBCHZZ;
				INFOPLIST_FILE = ToDoList/Info.plist;
				LD_RUNPATH_SEARCH_PATHS = (
					"$(inherited)",
					"@executable_path/Frameworks",
				);
				PRODUCT_BUNDLE_IDENTIFIER = batmarc.ToDoList;
				PRODUCT_NAME = "$(TARGET_NAME)";
				SWIFT_VERSION = 5.0;
				TARGETED_DEVICE_FAMILY = "1,2";
			};
			name = Debug;
		};
		2E992718237CBBC2003B7542 /* Release */ = {
			isa = XCBuildConfiguration;
			buildSettings = {
				ASSETCATALOG_COMPILER_APPICON_NAME = AppIcon;
				CODE_SIGN_STYLE = Automatic;
				DEVELOPMENT_TEAM = SFMFCBCHZZ;
				INFOPLIST_FILE = ToDoList/Info.plist;
				LD_RUNPATH_SEARCH_PATHS = (
					"$(inherited)",
					"@executable_path/Frameworks",
				);
				PRODUCT_BUNDLE_IDENTIFIER = batmarc.ToDoList;
				PRODUCT_NAME = "$(TARGET_NAME)";
				SWIFT_VERSION = 5.0;
				TARGETED_DEVICE_FAMILY = "1,2";
			};
			name = Release;
		};
		2E99271A237CBBC2003B7542 /* Debug */ = {
			isa = XCBuildConfiguration;
			buildSettings = {
				ALWAYS_EMBED_SWIFT_STANDARD_LIBRARIES = YES;
				BUNDLE_LOADER = "$(TEST_HOST)";
				CODE_SIGN_STYLE = Automatic;
				DEVELOPMENT_TEAM = SFMFCBCHZZ;
				INFOPLIST_FILE = ToDoListTests/Info.plist;
				IPHONEOS_DEPLOYMENT_TARGET = 13.2;
				LD_RUNPATH_SEARCH_PATHS = (
					"$(inherited)",
					"@executable_path/Frameworks",
					"@loader_path/Frameworks",
				);
				PRODUCT_BUNDLE_IDENTIFIER = batmarc.ToDoListTests;
				PRODUCT_NAME = "$(TARGET_NAME)";
				SWIFT_VERSION = 5.0;
				TARGETED_DEVICE_FAMILY = "1,2";
				TEST_HOST = "$(BUILT_PRODUCTS_DIR)/ToDoList.app/ToDoList";
			};
			name = Debug;
		};
		2E99271B237CBBC2003B7542 /* Release */ = {
			isa = XCBuildConfiguration;
			buildSettings = {
				ALWAYS_EMBED_SWIFT_STANDARD_LIBRARIES = YES;
				BUNDLE_LOADER = "$(TEST_HOST)";
				CODE_SIGN_STYLE = Automatic;
				DEVELOPMENT_TEAM = SFMFCBCHZZ;
				INFOPLIST_FILE = ToDoListTests/Info.plist;
				IPHONEOS_DEPLOYMENT_TARGET = 13.2;
				LD_RUNPATH_SEARCH_PATHS = (
					"$(inherited)",
					"@executable_path/Frameworks",
					"@loader_path/Frameworks",
				);
				PRODUCT_BUNDLE_IDENTIFIER = batmarc.ToDoListTests;
				PRODUCT_NAME = "$(TARGET_NAME)";
				SWIFT_VERSION = 5.0;
				TARGETED_DEVICE_FAMILY = "1,2";
				TEST_HOST = "$(BUILT_PRODUCTS_DIR)/ToDoList.app/ToDoList";
			};
			name = Release;
		};
		2E99271D237CBBC2003B7542 /* Debug */ = {
			isa = XCBuildConfiguration;
			buildSettings = {
				ALWAYS_EMBED_SWIFT_STANDARD_LIBRARIES = YES;
				CODE_SIGN_STYLE = Automatic;
				DEVELOPMENT_TEAM = SFMFCBCHZZ;
				INFOPLIST_FILE = ToDoListUITests/Info.plist;
				LD_RUNPATH_SEARCH_PATHS = (
					"$(inherited)",
					"@executable_path/Frameworks",
					"@loader_path/Frameworks",
				);
				PRODUCT_BUNDLE_IDENTIFIER = batmarc.ToDoListUITests;
				PRODUCT_NAME = "$(TARGET_NAME)";
				SWIFT_VERSION = 5.0;
				TARGETED_DEVICE_FAMILY = "1,2";
				TEST_TARGET_NAME = ToDoList;
			};
			name = Debug;
		};
		2E99271E237CBBC2003B7542 /* Release */ = {
			isa = XCBuildConfiguration;
			buildSettings = {
				ALWAYS_EMBED_SWIFT_STANDARD_LIBRARIES = YES;
				CODE_SIGN_STYLE = Automatic;
				DEVELOPMENT_TEAM = SFMFCBCHZZ;
				INFOPLIST_FILE = ToDoListUITests/Info.plist;
				LD_RUNPATH_SEARCH_PATHS = (
					"$(inherited)",
					"@executable_path/Frameworks",
					"@loader_path/Frameworks",
				);
				PRODUCT_BUNDLE_IDENTIFIER = batmarc.ToDoListUITests;
				PRODUCT_NAME = "$(TARGET_NAME)";
				SWIFT_VERSION = 5.0;
				TARGETED_DEVICE_FAMILY = "1,2";
				TEST_TARGET_NAME = ToDoList;
			};
			name = Release;
		};
/* End XCBuildConfiguration section */

/* Begin XCConfigurationList section */
		2E9926E7237CBBBE003B7542 /* Build configuration list for PBXProject "ToDoList" */ = {
			isa = XCConfigurationList;
			buildConfigurations = (
				2E992714237CBBC2003B7542 /* Debug */,
				2E992715237CBBC2003B7542 /* Release */,
			);
			defaultConfigurationIsVisible = 0;
			defaultConfigurationName = Release;
		};
		2E992716237CBBC2003B7542 /* Build configuration list for PBXNativeTarget "ToDoList" */ = {
			isa = XCConfigurationList;
			buildConfigurations = (
				2E992717237CBBC2003B7542 /* Debug */,
				2E992718237CBBC2003B7542 /* Release */,
			);
			defaultConfigurationIsVisible = 0;
			defaultConfigurationName = Release;
		};
		2E992719237CBBC2003B7542 /* Build configuration list for PBXNativeTarget "ToDoListTests" */ = {
			isa = XCConfigurationList;
			buildConfigurations = (
				2E99271A237CBBC2003B7542 /* Debug */,
				2E99271B237CBBC2003B7542 /* Release */,
			);
			defaultConfigurationIsVisible = 0;
			defaultConfigurationName = Release;
		};
		2E99271C237CBBC2003B7542 /* Build configuration list for PBXNativeTarget "ToDoListUITests" */ = {
			isa = XCConfigurationList;
			buildConfigurations = (
				2E99271D237CBBC2003B7542 /* Debug */,
				2E99271E237CBBC2003B7542 /* Release */,
			);
			defaultConfigurationIsVisible = 0;
			defaultConfigurationName = Release;
		};
/* End XCConfigurationList section */
	};
	rootObject = 2E9926E4237CBBBE003B7542 /* Project object */;
}
